Microsoft Visual Studio Solution File, Format Version 12.00
# Visual Studio Version 17
VisualStudioVersion = 17.5.2.0
MinimumVisualStudioVersion = 10.0.40219.1
Project("{FAE04EC0-301F-11D3-BF4B-00C04F79EFBC}") = "MusicApp.API", "MusicApp.API.csproj", "{D6BE81F0-AD3F-A95E-05C5-D96DF4DD9794}"
EndProject
Global
	GlobalSection(SolutionConfigurationPlatforms) = preSolution
		Debug|Any CPU = Debug|Any CPU
		Release|Any CPU = Release|Any CPU
	EndGlobalSection
	GlobalSection(ProjectConfigurationPlatforms) = postSolution
		{D6BE81F0-AD3F-A95E-05C5-D96DF4DD9794}.Debug|Any CPU.ActiveCfg = Debug|Any CPU
		{D6BE81F0-AD3F-A95E-05C5-D96DF4DD9794}.Debug|Any CPU.Build.0 = Debug|Any CPU
		{D6BE81F0-AD3F-A95E-05C5-D96DF4DD9794}.Release|Any CPU.ActiveCfg = Release|Any CPU
		{D6BE81F0-AD3F-A95E-05C5-D96DF4DD9794}.Release|Any CPU.Build.0 = Release|Any CPU
	EndGlobalSection
	GlobalSection(SolutionProperties) = preSolution
		HideSolutionNode = FALSE
	EndGlobalSection
	GlobalSection(ExtensibilityGlobals) = postSolution
		SolutionGuid = {FC13DD29-38AF-4727-89B6-868781F70BA0}
	EndGlobalSection
EndGlobal
